PODS:
  - cmark-gfm (0.29.0)
  - GBCli (1.1)
  - handlebars-objc (1.4.6)
  - JJPluralForm (2.1)
  - LibYAML (0.1.4)
  - M13OrderedDictionary (1.1.0)
  - MASPreferences (1.3)
  - PAPreferences (0.5)
  - Sparkle (1.23.0)

DEPENDENCIES:
  - cmark-gfm (~> 0.29.0)
  - GBCli (~> 1.1)
  - handlebars-objc (~> 1.4)
  - JJPluralForm (~> 2.1)
  - LibYAML (~> 0.1)
  - M13OrderedDictionary (~> 1.1)
  - MASPreferences (~> 1.3)
  - PAPreferences (~> 0.4)
  - Sparkle (~> 1.18)

SPEC REPOS:
  https://github.com/rschiang/macdown-cocoapods-specs.git:
    - cmark-gfm
    - handlebars-objc
    - LibYAML
  trunk:
    - GBCli
    - JJPluralForm
    - M13OrderedDictionary
    - MASPreferences
    - PAPreferences
    - Sparkle

SPEC CHECKSUMS:
  cmark-gfm: d572ca9c92c9379a24a5fd2b0de8af3200e3eeb1
  GBCli: e5f988fadb68e1e3c01919f134009fed9796fde0
  handlebars-objc: 6e29828b009f66a54693c20ef9954198523da7ce
  JJPluralForm: 9a6235813990a33a63fb3eff457eb2c633af6acd
  LibYAML: dee5c31dcab47b168425083c2b0a6baeacdf499e
  M13OrderedDictionary: 6e157fe9c82aa6b3cd7198f5c5c30c7a6834c4a6
  MASPreferences: c08b8622dd17b47da87669e741efd7c92e970e8c
  PAPreferences: 9f0ffb1e67174a0df001af9d3320166ceb9ee6f5
  Sparkle: 55b1a87ba69d56913375a281546b7c82dec95bb0

PODFILE CHECKSUM: f95115b6466ab47dfbdfc54939e3ced485052f39

COCOAPODS: 1.8.4
